
Microsoft Visual Studio Solution File, Format Version 12.00
# Visual Studio Version 17
VisualStudioVersion = 17.5.002.0
MinimumVisualStudioVersion = 10.0.40219.1
Project("{9A19103F-16F7-4668-BE54-9A1E7A4F7556}") = "AKSWebApp", "AKSWebApp\AKSWebApp.csproj", "{D402AA0D-CAB4-4F5C-9819-0D5BA2BE9B5A}"
EndProject
Global
	GlobalSection(SolutionConfigurationPlatforms) = preSolution
		Debug|Any CPU = Debug|Any CPU
		Release|Any CPU = Release|Any CPU
	EndGlobalSection
	GlobalSection(ProjectConfigurationPlatforms) = postSolution
		{D402AA0D-CAB4-4F5C-9819-0D5BA2BE9B5A}.Debug|Any CPU.ActiveCfg = Debug|Any CPU
		{D402AA0D-CAB4-4F5C-9819-0D5BA2BE9B5A}.Debug|Any CPU.Build.0 = Debug|Any CPU
		{D402AA0D-CAB4-4F5C-9819-0D5BA2BE9B5A}.Release|Any CPU.ActiveCfg = Release|Any CPU
		{D402AA0D-CAB4-4F5C-9819-0D5BA2BE9B5A}.Release|Any CPU.Build.0 = Release|Any CPU
	EndGlobalSection
	GlobalSection(SolutionProperties) = preSolution
		HideSolutionNode = FALSE
	EndGlobalSection
	GlobalSection(ExtensibilityGlobals) = postSolution
		SolutionGuid = {C3D5B595-348B-4C80-8878-7A830BEF5059}
	EndGlobalSection
EndGlobal
